{
  "name": "eMungesat",
  "lockfileVersion": 3,
  "requires": true,
  "packages": {
    "": {
      "dependencies": {
        "daypilot-pro-javascript": "https://npm.daypilot.org/daypilot-pro-javascript/trial/2024.4.6313.tar.gz"
      }
    },
    "node_modules/daypilot-pro-javascript": {
      "version": "2024.4.6313",
      "resolved": "https://npm.daypilot.org/daypilot-pro-javascript/trial/2024.4.6313.tar.gz",
      "integrity": "sha512-wMGGmyxG2u41NZO0WL3CFkSS/RybDmO5gwPGOI3Kp1P3NXv1puuWO0Syl5+A7CTO+Ei4jwzf+of+aQsE8fEt8g==",
      "license": "SEE LICENSE IN LicenseAgreement.pdf"
    }
  }
}
